
Microsoft Visual Studio Solution File, Format Version 12.00
# Visual Studio 15
VisualStudioVersion = 15.0.27428.2011
MinimumVisualStudioVersion = 10.0.40219.1
Project("{FAE04EC0-301F-11D3-BF4B-00C04F79EFBC}") = "eFacturacionColombia", "eFacturacionColombia\eFacturacionColombia.csproj", "{BB461245-D970-4244-B02A-62A54D6022EC}"
EndProject
Project("{FAE04EC0-301F-11D3-BF4B-00C04F79EFBC}") = "eFacturacionColombia.Firma", "eFacturacionColombia.Firma\eFacturacionColombia.Firma.csproj", "{D869C7DE-4937-457E-AA22-C2427C5046BE}"
EndProject
Project("{FAE04EC0-301F-11D3-BF4B-00C04F79EFBC}") = "FirmaXades", "FirmaXades\FirmaXades.csproj", "{3F0A6B13-AA03-4205-AE16-DFB26A2D3458}"
EndProject
Global
	GlobalSection(SolutionConfigurationPlatforms) = preSolution
		Debug|Any CPU = Debug|Any CPU
		Release|Any CPU = Release|Any CPU
	EndGlobalSection
	GlobalSection(ProjectConfigurationPlatforms) = postSolution
		{BB461245-D970-4244-B02A-62A54D6022EC}.Debug|Any CPU.ActiveCfg = Debug|Any CPU
		{BB461245-D970-4244-B02A-62A54D6022EC}.Debug|Any CPU.Build.0 = Debug|Any CPU
		{BB461245-D970-4244-B02A-62A54D6022EC}.Release|Any CPU.ActiveCfg = Release|Any CPU
		{BB461245-D970-4244-B02A-62A54D6022EC}.Release|Any CPU.Build.0 = Release|Any CPU
		{D869C7DE-4937-457E-AA22-C2427C5046BE}.Debug|Any CPU.ActiveCfg = Debug|Any CPU
		{D869C7DE-4937-457E-AA22-C2427C5046BE}.Debug|Any CPU.Build.0 = Debug|Any CPU
		{D869C7DE-4937-457E-AA22-C2427C5046BE}.Release|Any CPU.ActiveCfg = Release|Any CPU
		{D869C7DE-4937-457E-AA22-C2427C5046BE}.Release|Any CPU.Build.0 = Release|Any CPU
		{3F0A6B13-AA03-4205-AE16-DFB26A2D3458}.Debug|Any CPU.ActiveCfg = Debug|Any CPU
		{3F0A6B13-AA03-4205-AE16-DFB26A2D3458}.Debug|Any CPU.Build.0 = Debug|Any CPU
		{3F0A6B13-AA03-4205-AE16-DFB26A2D3458}.Release|Any CPU.ActiveCfg = Release|Any CPU
		{3F0A6B13-AA03-4205-AE16-DFB26A2D3458}.Release|Any CPU.Build.0 = Release|Any CPU
	EndGlobalSection
	GlobalSection(SolutionProperties) = preSolution
		HideSolutionNode = FALSE
	EndGlobalSection
	GlobalSection(ExtensibilityGlobals) = postSolution
		SolutionGuid = {223CDF39-8865-48CC-9FE2-8A656D10A00E}
	EndGlobalSection
EndGlobal
